<?xml version="1.0" encoding="utf-8"?>
<Project ToolsVersion="4.0" xmlns="http://schemas.microsoft.com/developer/msbuild/2003">
  <ItemGroup>
    <Filter Include="Source Files">
      <UniqueIdentifier>{4FC737F1-C7A5-4376-A066-2A32D752A2FF}</UniqueIdentifier>
      <Extensions>cpp;c;cc;cxx;c++;cppm;ixx;def;odl;idl;hpj;bat;asm;asmx</Extensions>
    </Filter>
    <Filter Include="Header Files">
      <UniqueIdentifier>{93995380-89BD-4b04-88EB-625FBE52EBFB}</UniqueIdentifier>
      <Extensions>h;hh;hpp;hxx;h++;hm;inl;inc;ipp;xsd</Extensions>
    </Filter>
    <Filter Include="Resource Files">
      <UniqueIdentifier>{67DA6AB6-F800-4c08-8B7A-83BB121AAD01}</UniqueIdentifier>
      <Extensions>rc;ico;cur;bmp;dlg;rc2;rct;bin;rgs;gif;jpg;jpeg;jpe;resx;tiff;tif;png;wav;mfcribbon-ms</Extensions>
    </Filter>
    <Filter Include="Shaders">
      <UniqueIdentifier>{f31d0ef4-cd7b-473a-9e31-689b1c90eb26}</UniqueIdentifier>
    </Filter>
    <Filter Include="Header Files\Apps">
      <UniqueIdentifier>{e5d1fc42-6fe7-457a-84f4-d99186befa05}</UniqueIdentifier>
    </Filter>
    <Filter Include="Header Files\Common">
      <UniqueIdentifier>{06b839e4-5214-4404-a407-195e23270b41}</UniqueIdentifier>
    </Filter>
    <Filter Include="Source Files\Apps">
      <UniqueIdentifier>{8bf3a953-9747-46ba-9fc9-6d897857401a}</UniqueIdentifier>
    </Filter>
    <Filter Include="Source Files\Common">
      <UniqueIdentifier>{4320e9e3-39ab-44d4-a3a7-ddcd12c89eb5}</UniqueIdentifier>
    </Filter>
    <Filter Include="Header Files\Apps\LandAndWavesApp">
      <UniqueIdentifier>{02fda5f8-f521-4e15-9a0e-7b507f513db2}</UniqueIdentifier>
    </Filter>
    <Filter Include="Header Files\Apps\ShapesApp">
      <UniqueIdentifier>{040389a8-4cdb-467b-ba4c-ad12869580a0}</UniqueIdentifier>
    </Filter>
    <Filter Include="Source Files\Apps\LandAndWavesApp">
      <UniqueIdentifier>{d9671343-144d-465f-a31c-4eb707c641a8}</UniqueIdentifier>
    </Filter>
    <Filter Include="Source Files\Apps\ShapesApp">
      <UniqueIdentifier>{c6ab02b9-7913-4e85-aace-76af794b224f}</UniqueIdentifier>
    </Filter>
    <Filter Include="Source Files\Apps\Base">
      <UniqueIdentifier>{4362d0c1-9328-4128-9f33-ea02a8403399}</UniqueIdentifier>
    </Filter>
    <Filter Include="Header Files\Apps\Base">
      <UniqueIdentifier>{ba50637b-0203-44ca-aa87-7bd20be534d4}</UniqueIdentifier>
    </Filter>
    <Filter Include="Header Files\Apps\LitWavesApp">
      <UniqueIdentifier>{f07c52ec-bec1-488f-9d29-986530edb366}</UniqueIdentifier>
    </Filter>
    <Filter Include="Source Files\Apps\LitWavesApp">
      <UniqueIdentifier>{7295b255-3c6b-443d-b372-1bb38d2918c7}</UniqueIdentifier>
    </Filter>
  </ItemGroup>
  <ItemGroup>
    <ClCompile Include="main.cpp">
      <Filter>Source Files</Filter>
    </ClCompile>
    <ClCompile Include="DrawApp.cpp">
      <Filter>Source Files\Apps</Filter>
    </ClCompile>
    <ClCompile Include="DxException.cpp">
      <Filter>Source Files\Common</Filter>
    </ClCompile>
    <ClCompile Include="GameTimer.cpp">
      <Filter>Source Files\Common</Filter>
    </ClCompile>
    <ClCompile Include="GeometryGenerator.cpp">
      <Filter>Source Files\Common</Filter>
    </ClCompile>
    <ClCompile Include="Helper.cpp">
      <Filter>Source Files\Common</Filter>
    </ClCompile>
    <ClCompile Include="LandAndWavesApp.cpp">
      <Filter>Source Files\Apps\LandAndWavesApp</Filter>
    </ClCompile>
    <ClCompile Include="ShapesApp.cpp">
      <Filter>Source Files\Apps\ShapesApp</Filter>
    </ClCompile>
    <ClCompile Include="FrameResource.cpp">
      <Filter>Source Files\Apps\ShapesApp</Filter>
    </ClCompile>
    <ClCompile Include="LAWAppFrameResource.cpp">
      <Filter>Source Files\Apps\LandAndWavesApp</Filter>
    </ClCompile>
    <ClCompile Include="Win32Application.cpp">
      <Filter>Source Files\Apps\Base</Filter>
    </ClCompile>
    <ClCompile Include="BaseApp.cpp">
      <Filter>Source Files\Apps\Base</Filter>
    </ClCompile>
    <ClCompile Include="LitWavesApp.cpp">
      <Filter>Source Files\Apps\LitWavesApp</Filter>
    </ClCompile>
    <ClCompile Include="Waves.cpp">
      <Filter>Source Files\Apps\LitWavesApp</Filter>
    </ClCompile>
  </ItemGroup>
  <ItemGroup>
    <ClInclude Include="DrawApp.h">
      <Filter>Header Files\Apps</Filter>
    </ClInclude>
    <ClInclude Include="DxException.h">
      <Filter>Header Files\Common</Filter>
    </ClInclude>
    <ClInclude Include="GameTimer.h">
      <Filter>Header Files\Common</Filter>
    </ClInclude>
    <ClInclude Include="Helper.h">
      <Filter>Header Files\Common</Filter>
    </ClInclude>
    <ClInclude Include="GeometryGenerator.h">
      <Filter>Header Files\Common</Filter>
    </ClInclude>
    <ClInclude Include="MeshGeometry.h">
      <Filter>Header Files\Common</Filter>
    </ClInclude>
    <ClInclude Include="SubmeshGeometry.h">
      <Filter>Header Files\Common</Filter>
    </ClInclude>
    <ClInclude Include="UploadBuffer.h">
      <Filter>Header Files\Common</Filter>
    </ClInclude>
    <ClInclude Include="LandAndWavesApp.h">
      <Filter>Header Files\Apps\LandAndWavesApp</Filter>
    </ClInclude>
    <ClInclude Include="LAWAppFrameResource.h">
      <Filter>Header Files\Apps\LandAndWavesApp</Filter>
    </ClInclude>
    <ClInclude Include="LAWAppRenderItem.h">
      <Filter>Header Files\Apps\LandAndWavesApp</Filter>
    </ClInclude>
    <ClInclude Include="ShapesApp.h">
      <Filter>Header Files\Apps\ShapesApp</Filter>
    </ClInclude>
    <ClInclude Include="RenderItem.h">
      <Filter>Header Files\Apps\ShapesApp</Filter>
    </ClInclude>
    <ClInclude Include="FrameResource.h">
      <Filter>Header Files\Apps\ShapesApp</Filter>
    </ClInclude>
    <ClInclude Include="JRMath.h">
      <Filter>Header Files\Common</Filter>
    </ClInclude>
    <ClInclude Include="Material.h">
      <Filter>Header Files\Common</Filter>
    </ClInclude>
    <ClInclude Include="BaseApp.h">
      <Filter>Header Files\Apps\Base</Filter>
    </ClInclude>
    <ClInclude Include="Win32Application.h">
      <Filter>Header Files\Apps\Base</Filter>
    </ClInclude>
    <ClInclude Include="LitWavesApp.h">
      <Filter>Header Files\Apps\LitWavesApp</Filter>
    </ClInclude>
    <ClInclude Include="Waves.h">
      <Filter>Header Files\Apps\LitWavesApp</Filter>
    </ClInclude>
    <ClInclude Include="LitMeshGeometry.h">
      <Filter>Header Files\Common</Filter>
    </ClInclude>
    <ClInclude Include="LitSubmeshGeometry.h">
      <Filter>Header Files\Common</Filter>
    </ClInclude>
  </ItemGroup>
  <ItemGroup>
    <FxCompile Include="MyVS.hlsl">
      <Filter>Shaders</Filter>
    </FxCompile>
    <FxCompile Include="MyPS.hlsl">
      <Filter>Shaders</Filter>
    </FxCompile>
    <FxCompile Include="ShapesVS.hlsl">
      <Filter>Shaders</Filter>
    </FxCompile>
    <FxCompile Include="ShapesPS.hlsl">
      <Filter>Shaders</Filter>
    </FxCompile>
    <FxCompile Include="LAW_VS.hlsl">
      <Filter>Shaders</Filter>
    </FxCompile>
    <FxCompile Include="LAW_PS.hlsl">
      <Filter>Shaders</Filter>
    </FxCompile>
    <FxCompile Include="LitWavesVS.hlsl">
      <Filter>Shaders</Filter>
    </FxCompile>
    <FxCompile Include="LitWavesPS.hlsl">
      <Filter>Shaders</Filter>
    </FxCompile>
  </ItemGroup>
  <ItemGroup>
    <None Include="LightingUtils.hlsli">
      <Filter>Shaders</Filter>
    </None>
  </ItemGroup>
</Project>