
Microsoft Visual Studio Solution File, Format Version 12.00
# Visual Studio Version 17
VisualStudioVersion = 17.3.32804.467
MinimumVisualStudioVersion = 10.0.40219.1
Project("{8BC9CEB8-8B4A-11D0-8D11-00A0C91BC942}") = "CPP_Book_practice", "CPP_Book_practice\CPP_Book_practice.vcxproj", "{09958650-98C3-492B-92AC-B7397F34E863}"
EndProject
Global
	GlobalSection(SolutionConfigurationPlatforms) = preSolution
		Debug|x64 = Debug|x64
		Debug|x86 = Debug|x86
		Release|x64 = Release|x64
		Release|x86 = Release|x86
	EndGlobalSection
	GlobalSection(ProjectConfigurationPlatforms) = postSolution
		{09958650-98C3-492B-92AC-B7397F34E863}.Debug|x64.ActiveCfg = Debug|x64
		{09958650-98C3-492B-92AC-B7397F34E863}.Debug|x64.Build.0 = Debug|x64
		{09958650-98C3-492B-92AC-B7397F34E863}.Debug|x86.ActiveCfg = Debug|Win32
		{09958650-98C3-492B-92AC-B7397F34E863}.Debug|x86.Build.0 = Debug|Win32
		{09958650-98C3-492B-92AC-B7397F34E863}.Release|x64.ActiveCfg = Release|x64
		{09958650-98C3-492B-92AC-B7397F34E863}.Release|x64.Build.0 = Release|x64
		{09958650-98C3-492B-92AC-B7397F34E863}.Release|x86.ActiveCfg = Release|Win32
		{09958650-98C3-492B-92AC-B7397F34E863}.Release|x86.Build.0 = Release|Win32
	EndGlobalSection
	GlobalSection(SolutionProperties) = preSolution
		HideSolutionNode = FALSE
	EndGlobalSection
	GlobalSection(ExtensibilityGlobals) = postSolution
		SolutionGuid = {400968CF-F0EA-4188-A27D-FC7140D047A1}
	EndGlobalSection
EndGlobal
